
Microsoft Visual Studio Solution File, Format Version 12.00
# Visual Studio 14
VisualStudioVersion = 14.0.25420.1
MinimumVisualStudioVersion = 10.0.40219.1
Project("{2150E333-8FDC-42A3-9474-1A3956D46DE8}") = "Other", "Other", "{DFC6A100-D5F4-4E03-80A5-EEE8823E03E1}"
	ProjectSection(SolutionItems) = preProject
		..\..\README.md = ..\..\README.md
	EndProjectSection
EndProject
Project("{FAE04EC0-301F-11D3-BF4B-00C04F79EFBC}") = "MiNET.Service", "MiNET.Service\MiNET.Service.csproj", "{1B017586-D2EA-4879-8CAE-961A0FA19FF1}"
EndProject
Project("{FAE04EC0-301F-11D3-BF4B-00C04F79EFBC}") = "MiNET.ServiceKiller", "MiNET.ServiceKiller\MiNET.ServiceKiller.csproj", "{64C3E226-CBBB-4A8E-BC10-09BA6BC307C9}"
EndProject
Project("{FAE04EC0-301F-11D3-BF4B-00C04F79EFBC}") = "MiNET", "MiNET\MiNET.csproj", "{B7049BF1-2DB0-435D-9791-09AB61018685}"
EndProject
Project("{2150E333-8FDC-42A3-9474-1A3956D46DE8}") = "External", "External", "{F6653226-F844-4287-B966-DB9FA32A81FD}"
EndProject
Project("{FAE04EC0-301F-11D3-BF4B-00C04F79EFBC}") = "MiNET.Test", "MiNET.Test\MiNET.Test.csproj", "{672C13DD-9823-4DF2-9D1B-4895CC6B3CAC}"
EndProject
Project("{2150E333-8FDC-42A3-9474-1A3956D46DE8}") = ".nuget", ".nuget", "{BC1E3C63-BA78-43B5-983A-F2FCF8664B0C}"
	ProjectSection(SolutionItems) = preProject
		.nuget\NuGet.Config = .nuget\NuGet.Config
		.nuget\NuGet.exe = .nuget\NuGet.exe
		.nuget\NuGet.targets = .nuget\NuGet.targets
	EndProjectSection
EndProject
Project("{FAE04EC0-301F-11D3-BF4B-00C04F79EFBC}") = "TestPlugin", "TestPlugin\TestPlugin.csproj", "{F53DE0D1-333F-42BC-B803-E523CFF0113E}"
EndProject
Project("{FAE04EC0-301F-11D3-BF4B-00C04F79EFBC}") = "MiNET.Client", "MiNET.Client\MiNET.Client.csproj", "{2BFFD5A4-DAC0-47D3-946F-1A8EE2ACCB46}"
EndProject
Project("{FAE04EC0-301F-11D3-BF4B-00C04F79EFBC}") = "MiNET.Ftl.Service", "MiNET.Ftl.Service\MiNET.Ftl.Service.csproj", "{C664DB1A-AA79-4344-941A-88CA77394B89}"
EndProject
Project("{FAE04EC0-301F-11D3-BF4B-00C04F79EFBC}") = "MiNET.BuilderBase", "MiNET.BuilderBase\MiNET.BuilderBase.csproj", "{69FEC583-68A6-4EE3-8B41-A47BBA5A94F0}"
EndProject
Project("{FAE04EC0-301F-11D3-BF4B-00C04F79EFBC}") = "MiNET.Test.Console", "MiNET.Test.Console\MiNET.Test.Console.csproj", "{0DC66FDA-F382-4809-8406-F460B4DAE037}"
EndProject
Project("{FAE04EC0-301F-11D3-BF4B-00C04F79EFBC}") = "MiNET.Plotter", "MiNET.Plotter\MiNET.Plotter.csproj", "{0D536AD6-6003-45FF-BFBA-8CB17595D4C5}"
EndProject
Global
	GlobalSection(SolutionConfigurationPlatforms) = preSolution
		Debug|Any CPU = Debug|Any CPU
		Debug|ARM = Debug|ARM
		Debug|x64 = Debug|x64
		Debug|x86 = Debug|x86
		Release|Any CPU = Release|Any CPU
		Release|ARM = Release|ARM
		Release|x64 = Release|x64
		Release|x86 = Release|x86
	EndGlobalSection
	GlobalSection(ProjectConfigurationPlatforms) = postSolution
		{1B017586-D2EA-4879-8CAE-961A0FA19FF1}.Debug|Any CPU.ActiveCfg = Debug|Any CPU
		{1B017586-D2EA-4879-8CAE-961A0FA19FF1}.Debug|Any CPU.Build.0 = Debug|Any CPU
		{1B017586-D2EA-4879-8CAE-961A0FA19FF1}.Debug|ARM.ActiveCfg = Debug|Any CPU
		{1B017586-D2EA-4879-8CAE-961A0FA19FF1}.Debug|x64.ActiveCfg = Debug|Any CPU
		{1B017586-D2EA-4879-8CAE-961A0FA19FF1}.Debug|x86.ActiveCfg = Debug|Any CPU
		{1B017586-D2EA-4879-8CAE-961A0FA19FF1}.Release|Any CPU.ActiveCfg = Release|Any CPU
		{1B017586-D2EA-4879-8CAE-961A0FA19FF1}.Release|Any CPU.Build.0 = Release|Any CPU
		{1B017586-D2EA-4879-8CAE-961A0FA19FF1}.Release|ARM.ActiveCfg = Release|Any CPU
		{1B017586-D2EA-4879-8CAE-961A0FA19FF1}.Release|x64.ActiveCfg = Release|Any CPU
		{1B017586-D2EA-4879-8CAE-961A0FA19FF1}.Release|x86.ActiveCfg = Release|Any CPU
		{64C3E226-CBBB-4A8E-BC10-09BA6BC307C9}.Debug|Any CPU.ActiveCfg = Debug|Any CPU
		{64C3E226-CBBB-4A8E-BC10-09BA6BC307C9}.Debug|Any CPU.Build.0 = Debug|Any CPU
		{64C3E226-CBBB-4A8E-BC10-09BA6BC307C9}.Debug|ARM.ActiveCfg = Debug|Any CPU
		{64C3E226-CBBB-4A8E-BC10-09BA6BC307C9}.Debug|x64.ActiveCfg = Debug|Any CPU
		{64C3E226-CBBB-4A8E-BC10-09BA6BC307C9}.Debug|x86.ActiveCfg = Debug|Any CPU
		{64C3E226-CBBB-4A8E-BC10-09BA6BC307C9}.Release|Any CPU.ActiveCfg = Release|Any CPU
		{64C3E226-CBBB-4A8E-BC10-09BA6BC307C9}.Release|Any CPU.Build.0 = Release|Any CPU
		{64C3E226-CBBB-4A8E-BC10-09BA6BC307C9}.Release|ARM.ActiveCfg = Release|Any CPU
		{64C3E226-CBBB-4A8E-BC10-09BA6BC307C9}.Release|x64.ActiveCfg = Release|Any CPU
		{64C3E226-CBBB-4A8E-BC10-09BA6BC307C9}.Release|x86.ActiveCfg = Release|Any CPU
		{B7049BF1-2DB0-435D-9791-09AB61018685}.Debug|Any CPU.ActiveCfg = Debug|Any CPU
		{B7049BF1-2DB0-435D-9791-09AB61018685}.Debug|Any CPU.Build.0 = Debug|Any CPU
		{B7049BF1-2DB0-435D-9791-09AB61018685}.Debug|ARM.ActiveCfg = Debug|Any CPU
		{B7049BF1-2DB0-435D-9791-09AB61018685}.Debug|x64.ActiveCfg = Debug|Any CPU
		{B7049BF1-2DB0-435D-9791-09AB61018685}.Debug|x86.ActiveCfg = Debug|Any CPU
		{B7049BF1-2DB0-435D-9791-09AB61018685}.Release|Any CPU.ActiveCfg = Release|Any CPU
		{B7049BF1-2DB0-435D-9791-09AB61018685}.Release|Any CPU.Build.0 = Release|Any CPU
		{B7049BF1-2DB0-435D-9791-09AB61018685}.Release|ARM.ActiveCfg = Release|Any CPU
		{B7049BF1-2DB0-435D-9791-09AB61018685}.Release|x64.ActiveCfg = Release|Any CPU
		{B7049BF1-2DB0-435D-9791-09AB61018685}.Release|x86.ActiveCfg = Release|Any CPU
		{672C13DD-9823-4DF2-9D1B-4895CC6B3CAC}.Debug|Any CPU.ActiveCfg = Debug|Any CPU
		{672C13DD-9823-4DF2-9D1B-4895CC6B3CAC}.Debug|Any CPU.Build.0 = Debug|Any CPU
		{672C13DD-9823-4DF2-9D1B-4895CC6B3CAC}.Debug|ARM.ActiveCfg = Debug|Any CPU
		{672C13DD-9823-4DF2-9D1B-4895CC6B3CAC}.Debug|x64.ActiveCfg = Debug|Any CPU
		{672C13DD-9823-4DF2-9D1B-4895CC6B3CAC}.Debug|x86.ActiveCfg = Debug|Any CPU
		{672C13DD-9823-4DF2-9D1B-4895CC6B3CAC}.Release|Any CPU.ActiveCfg = Release|Any CPU
		{672C13DD-9823-4DF2-9D1B-4895CC6B3CAC}.Release|Any CPU.Build.0 = Release|Any CPU
		{672C13DD-9823-4DF2-9D1B-4895CC6B3CAC}.Release|ARM.ActiveCfg = Release|Any CPU
		{672C13DD-9823-4DF2-9D1B-4895CC6B3CAC}.Release|x64.ActiveCfg = Release|Any CPU
		{672C13DD-9823-4DF2-9D1B-4895CC6B3CAC}.Release|x86.ActiveCfg = Release|Any CPU
		{F53DE0D1-333F-42BC-B803-E523CFF0113E}.Debug|Any CPU.ActiveCfg = Debug|Any CPU
		{F53DE0D1-333F-42BC-B803-E523CFF0113E}.Debug|Any CPU.Build.0 = Debug|Any CPU
		{F53DE0D1-333F-42BC-B803-E523CFF0113E}.Debug|ARM.ActiveCfg = Debug|Any CPU
		{F53DE0D1-333F-42BC-B803-E523CFF0113E}.Debug|x64.ActiveCfg = Debug|Any CPU
		{F53DE0D1-333F-42BC-B803-E523CFF0113E}.Debug|x86.ActiveCfg = Debug|Any CPU
		{F53DE0D1-333F-42BC-B803-E523CFF0113E}.Release|Any CPU.ActiveCfg = Release|Any CPU
		{F53DE0D1-333F-42BC-B803-E523CFF0113E}.Release|Any CPU.Build.0 = Release|Any CPU
		{F53DE0D1-333F-42BC-B803-E523CFF0113E}.Release|ARM.ActiveCfg = Release|Any CPU
		{F53DE0D1-333F-42BC-B803-E523CFF0113E}.Release|x64.ActiveCfg = Release|Any CPU
		{F53DE0D1-333F-42BC-B803-E523CFF0113E}.Release|x86.ActiveCfg = Release|Any CPU
		{2BFFD5A4-DAC0-47D3-946F-1A8EE2ACCB46}.Debug|Any CPU.ActiveCfg = Debug|Any CPU
		{2BFFD5A4-DAC0-47D3-946F-1A8EE2ACCB46}.Debug|Any CPU.Build.0 = Debug|Any CPU
		{2BFFD5A4-DAC0-47D3-946F-1A8EE2ACCB46}.Debug|ARM.ActiveCfg = Debug|Any CPU
		{2BFFD5A4-DAC0-47D3-946F-1A8EE2ACCB46}.Debug|x64.ActiveCfg = Debug|Any CPU
		{2BFFD5A4-DAC0-47D3-946F-1A8EE2ACCB46}.Debug|x86.ActiveCfg = Debug|Any CPU
		{2BFFD5A4-DAC0-47D3-946F-1A8EE2ACCB46}.Release|Any CPU.ActiveCfg = Release|Any CPU
		{2BFFD5A4-DAC0-47D3-946F-1A8EE2ACCB46}.Release|Any CPU.Build.0 = Release|Any CPU
		{2BFFD5A4-DAC0-47D3-946F-1A8EE2ACCB46}.Release|ARM.ActiveCfg = Release|Any CPU
		{2BFFD5A4-DAC0-47D3-946F-1A8EE2ACCB46}.Release|x64.ActiveCfg = Release|Any CPU
		{2BFFD5A4-DAC0-47D3-946F-1A8EE2ACCB46}.Release|x86.ActiveCfg = Release|Any CPU
		{C664DB1A-AA79-4344-941A-88CA77394B89}.Debug|Any CPU.ActiveCfg = Debug|Any CPU
		{C664DB1A-AA79-4344-941A-88CA77394B89}.Debug|Any CPU.Build.0 = Debug|Any CPU
		{C664DB1A-AA79-4344-941A-88CA77394B89}.Debug|ARM.ActiveCfg = Debug|Any CPU
		{C664DB1A-AA79-4344-941A-88CA77394B89}.Debug|ARM.Build.0 = Debug|Any CPU
		{C664DB1A-AA79-4344-941A-88CA77394B89}.Debug|x64.ActiveCfg = Debug|Any CPU
		{C664DB1A-AA79-4344-941A-88CA77394B89}.Debug|x64.Build.0 = Debug|Any CPU
		{C664DB1A-AA79-4344-941A-88CA77394B89}.Debug|x86.ActiveCfg = Debug|Any CPU
		{C664DB1A-AA79-4344-941A-88CA77394B89}.Debug|x86.Build.0 = Debug|Any CPU
		{C664DB1A-AA79-4344-941A-88CA77394B89}.Release|Any CPU.ActiveCfg = Release|Any CPU
		{C664DB1A-AA79-4344-941A-88CA77394B89}.Release|Any CPU.Build.0 = Release|Any CPU
		{C664DB1A-AA79-4344-941A-88CA77394B89}.Release|ARM.ActiveCfg = Release|Any CPU
		{C664DB1A-AA79-4344-941A-88CA77394B89}.Release|ARM.Build.0 = Release|Any CPU
		{C664DB1A-AA79-4344-941A-88CA77394B89}.Release|x64.ActiveCfg = Release|Any CPU
		{C664DB1A-AA79-4344-941A-88CA77394B89}.Release|x64.Build.0 = Release|Any CPU
		{C664DB1A-AA79-4344-941A-88CA77394B89}.Release|x86.ActiveCfg = Release|Any CPU
		{C664DB1A-AA79-4344-941A-88CA77394B89}.Release|x86.Build.0 = Release|Any CPU
		{69FEC583-68A6-4EE3-8B41-A47BBA5A94F0}.Debug|Any CPU.ActiveCfg = Debug|Any CPU
		{69FEC583-68A6-4EE3-8B41-A47BBA5A94F0}.Debug|Any CPU.Build.0 = Debug|Any CPU
		{69FEC583-68A6-4EE3-8B41-A47BBA5A94F0}.Debug|ARM.ActiveCfg = Debug|Any CPU
		{69FEC583-68A6-4EE3-8B41-A47BBA5A94F0}.Debug|ARM.Build.0 = Debug|Any CPU
		{69FEC583-68A6-4EE3-8B41-A47BBA5A94F0}.Debug|x64.ActiveCfg = Debug|Any CPU
		{69FEC583-68A6-4EE3-8B41-A47BBA5A94F0}.Debug|x64.Build.0 = Debug|Any CPU
		{69FEC583-68A6-4EE3-8B41-A47BBA5A94F0}.Debug|x86.ActiveCfg = Debug|Any CPU
		{69FEC583-68A6-4EE3-8B41-A47BBA5A94F0}.Debug|x86.Build.0 = Debug|Any CPU
		{69FEC583-68A6-4EE3-8B41-A47BBA5A94F0}.Release|Any CPU.ActiveCfg = Release|Any CPU
		{69FEC583-68A6-4EE3-8B41-A47BBA5A94F0}.Release|Any CPU.Build.0 = Release|Any CPU
		{69FEC583-68A6-4EE3-8B41-A47BBA5A94F0}.Release|ARM.ActiveCfg = Release|Any CPU
		{69FEC583-68A6-4EE3-8B41-A47BBA5A94F0}.Release|ARM.Build.0 = Release|Any CPU
		{69FEC583-68A6-4EE3-8B41-A47BBA5A94F0}.Release|x64.ActiveCfg = Release|Any CPU
		{69FEC583-68A6-4EE3-8B41-A47BBA5A94F0}.Release|x64.Build.0 = Release|Any CPU
		{69FEC583-68A6-4EE3-8B41-A47BBA5A94F0}.Release|x86.ActiveCfg = Release|Any CPU
		{69FEC583-68A6-4EE3-8B41-A47BBA5A94F0}.Release|x86.Build.0 = Release|Any CPU
		{0DC66FDA-F382-4809-8406-F460B4DAE037}.Debug|Any CPU.ActiveCfg = Debug|Any CPU
		{0DC66FDA-F382-4809-8406-F460B4DAE037}.Debug|Any CPU.Build.0 = Debug|Any CPU
		{0DC66FDA-F382-4809-8406-F460B4DAE037}.Debug|ARM.ActiveCfg = Debug|Any CPU
		{0DC66FDA-F382-4809-8406-F460B4DAE037}.Debug|ARM.Build.0 = Debug|Any CPU
		{0DC66FDA-F382-4809-8406-F460B4DAE037}.Debug|x64.ActiveCfg = Debug|Any CPU
		{0DC66FDA-F382-4809-8406-F460B4DAE037}.Debug|x64.Build.0 = Debug|Any CPU
		{0DC66FDA-F382-4809-8406-F460B4DAE037}.Debug|x86.ActiveCfg = Debug|Any CPU
		{0DC66FDA-F382-4809-8406-F460B4DAE037}.Debug|x86.Build.0 = Debug|Any CPU
		{0DC66FDA-F382-4809-8406-F460B4DAE037}.Release|Any CPU.ActiveCfg = Release|Any CPU
		{0DC66FDA-F382-4809-8406-F460B4DAE037}.Release|Any CPU.Build.0 = Release|Any CPU
		{0DC66FDA-F382-4809-8406-F460B4DAE037}.Release|ARM.ActiveCfg = Release|Any CPU
		{0DC66FDA-F382-4809-8406-F460B4DAE037}.Release|ARM.Build.0 = Release|Any CPU
		{0DC66FDA-F382-4809-8406-F460B4DAE037}.Release|x64.ActiveCfg = Release|Any CPU
		{0DC66FDA-F382-4809-8406-F460B4DAE037}.Release|x64.Build.0 = Release|Any CPU
		{0DC66FDA-F382-4809-8406-F460B4DAE037}.Release|x86.ActiveCfg = Release|Any CPU
		{0DC66FDA-F382-4809-8406-F460B4DAE037}.Release|x86.Build.0 = Release|Any CPU
		{0D536AD6-6003-45FF-BFBA-8CB17595D4C5}.Debug|Any CPU.ActiveCfg = Debug|Any CPU
		{0D536AD6-6003-45FF-BFBA-8CB17595D4C5}.Debug|Any CPU.Build.0 = Debug|Any CPU
		{0D536AD6-6003-45FF-BFBA-8CB17595D4C5}.Debug|ARM.ActiveCfg = Debug|Any CPU
		{0D536AD6-6003-45FF-BFBA-8CB17595D4C5}.Debug|ARM.Build.0 = Debug|Any CPU
		{0D536AD6-6003-45FF-BFBA-8CB17595D4C5}.Debug|x64.ActiveCfg = Debug|Any CPU
		{0D536AD6-6003-45FF-BFBA-8CB17595D4C5}.Debug|x64.Build.0 = Debug|Any CPU
		{0D536AD6-6003-45FF-BFBA-8CB17595D4C5}.Debug|x86.ActiveCfg = Debug|Any CPU
		{0D536AD6-6003-45FF-BFBA-8CB17595D4C5}.Debug|x86.Build.0 = Debug|Any CPU
		{0D536AD6-6003-45FF-BFBA-8CB17595D4C5}.Release|Any CPU.ActiveCfg = Release|Any CPU
		{0D536AD6-6003-45FF-BFBA-8CB17595D4C5}.Release|Any CPU.Build.0 = Release|Any CPU
		{0D536AD6-6003-45FF-BFBA-8CB17595D4C5}.Release|ARM.ActiveCfg = Release|Any CPU
		{0D536AD6-6003-45FF-BFBA-8CB17595D4C5}.Release|ARM.Build.0 = Release|Any CPU
		{0D536AD6-6003-45FF-BFBA-8CB17595D4C5}.Release|x64.ActiveCfg = Release|Any CPU
		{0D536AD6-6003-45FF-BFBA-8CB17595D4C5}.Release|x64.Build.0 = Release|Any CPU
		{0D536AD6-6003-45FF-BFBA-8CB17595D4C5}.Release|x86.ActiveCfg = Release|Any CPU
		{0D536AD6-6003-45FF-BFBA-8CB17595D4C5}.Release|x86.Build.0 = Release|Any CPU
	EndGlobalSection
	GlobalSection(SolutionProperties) = preSolution
		HideSolutionNode = FALSE
	EndGlobalSection
	GlobalSection(MonoDevelopProperties) = preSolution
		StartupItem = MiNET.Service\MiNET.Service.csproj
		Policies = $0
		$0.TextStylePolicy = $1
		$1.inheritsSet = VisualStudio
		$1.inheritsScope = text/plain
		$1.scope = text/x-csharp
		$0.CSharpFormattingPolicy = $2
		$2.IndentSwitchBody = True
		$2.IndentBlocksInsideExpressions = True
		$2.AnonymousMethodBraceStyle = NextLine
		$2.PropertyBraceStyle = NextLine
		$2.PropertyGetBraceStyle = NextLine
		$2.PropertySetBraceStyle = NextLine
		$2.EventBraceStyle = NextLine
		$2.EventAddBraceStyle = NextLine
		$2.EventRemoveBraceStyle = NextLine
		$2.StatementBraceStyle = NextLine
		$2.ElseNewLinePlacement = NewLine
		$2.CatchNewLinePlacement = NewLine
		$2.FinallyNewLinePlacement = NewLine
		$2.WhileNewLinePlacement = DoNotCare
		$2.ArrayInitializerWrapping = DoNotChange
		$2.ArrayInitializerBraceStyle = NextLine
		$2.BeforeMethodDeclarationParentheses = False
		$2.BeforeMethodCallParentheses = False
		$2.BeforeConstructorDeclarationParentheses = False
		$2.NewLineBeforeConstructorInitializerColon = NewLine
		$2.NewLineAfterConstructorInitializerColon = SameLine
		$2.BeforeDelegateDeclarationParentheses = False
		$2.NewParentheses = False
		$2.SpacesBeforeBrackets = False
		$2.inheritsSet = Mono
		$2.inheritsScope = text/x-csharp
		$2.scope = text/x-csharp
	EndGlobalSection
EndGlobal
